
Microsoft Visual Studio Solution File, Format Version 12.00
# Visual Studio Version 17
VisualStudioVersion = 17.14.36804.6
MinimumVisualStudioVersion = 10.0.40219.1
Project("{FAE04EC0-301F-11D3-BF4B-00C04F79EFBC}") = "Apq.Cfg", "Apq.Cfg\Apq.Cfg.csproj", "{34A7079A-DF46-084B-B68A-716598170454}"
EndProject
Project("{FAE04EC0-301F-11D3-BF4B-00C04F79EFBC}") = "Apq.Cfg.Redis", "Apq.Cfg.Redis\Apq.Cfg.Redis.csproj", "{27DCF801-2695-4A39-B17D-46C588228238}"
EndProject
Project("{FAE04EC0-301F-11D3-BF4B-00C04F79EFBC}") = "Apq.Cfg.Database", "Apq.Cfg.Database\Apq.Cfg.Database.csproj", "{70967017-8093-449E-AB49-F9036D59BC79}"
EndProject
Project("{FAE04EC0-301F-11D3-BF4B-00C04F79EFBC}") = "Apq.Cfg.Yaml", "Apq.Cfg.Yaml\Apq.Cfg.Yaml.csproj", "{97DB6031-E44F-41D9-B097-4DC426E46AC9}"
EndProject
Project("{FAE04EC0-301F-11D3-BF4B-00C04F79EFBC}") = "Apq.Cfg.Toml", "Apq.Cfg.Toml\Apq.Cfg.Toml.csproj", "{E0993970-F005-4DA4-997F-A53768869E3B}"
EndProject
Project("{FAE04EC0-301F-11D3-BF4B-00C04F79EFBC}") = "Apq.Cfg.Ini", "Apq.Cfg.Ini\Apq.Cfg.Ini.csproj", "{A73D1178-3BD3-4D7F-8DCD-6A797ADFA351}"
EndProject
Project("{FAE04EC0-301F-11D3-BF4B-00C04F79EFBC}") = "Apq.Cfg.Xml", "Apq.Cfg.Xml\Apq.Cfg.Xml.csproj", "{CE15A415-FCF4-4FCA-971B-0E2163B87A4D}"
EndProject
Project("{FAE04EC0-301F-11D3-BF4B-00C04F79EFBC}") = "Apq.Cfg.SourceGenerator", "Apq.Cfg.SourceGenerator\Apq.Cfg.SourceGenerator.csproj", "{D1234567-ABCD-1234-ABCD-123456789012}"
EndProject
Project("{2150E333-8FDC-42A3-9474-1A3956D46DE8}") = "tests", "tests", "{E1234567-1234-1234-1234-123456789ABC}"
	ProjectSection(SolutionItems) = preProject
		Directory.Build.props = Directory.Build.props
	EndProjectSection
EndProject
Project("{FAE04EC0-301F-11D3-BF4B-00C04F79EFBC}") = "Apq.Cfg.Tests.Net6", "tests\Apq.Cfg.Tests.Net6\Apq.Cfg.Tests.Net6.csproj", "{5A67AD01-A4EE-43A4-A805-F5D94FA24D27}"
EndProject
Project("{FAE04EC0-301F-11D3-BF4B-00C04F79EFBC}") = "Apq.Cfg.Tests.Net8", "tests\Apq.Cfg.Tests.Net8\Apq.Cfg.Tests.Net8.csproj", "{8F32405A-C49D-42A4-9D6F-82DF92B96C52}"
EndProject
Project("{FAE04EC0-301F-11D3-BF4B-00C04F79EFBC}") = "Apq.Cfg.Tests.Net9", "tests\Apq.Cfg.Tests.Net9\Apq.Cfg.Tests.Net9.csproj", "{C906A287-1781-40AB-98E9-0D515D70BFA7}"
EndProject
Project("{2150E333-8FDC-42A3-9474-1A3956D46DE8}") = "Samples", "Samples", "{5D20AA90-6969-D8BD-9DCD-8634F4692FDA}"
EndProject
Project("{FAE04EC0-301F-11D3-BF4B-00C04F79EFBC}") = "Apq.Cfg.Samples", "Samples\Apq.Cfg.Samples\Apq.Cfg.Samples.csproj", "{A99F31E2-4C2A-4B6B-9055-65C112F1E20C}"
EndProject
Project("{2150E333-8FDC-42A3-9474-1A3956D46DE8}") = "benchmarks", "benchmarks", "{B1234567-1234-1234-1234-123456789DEF}"
EndProject
Project("{FAE04EC0-301F-11D3-BF4B-00C04F79EFBC}") = "Apq.Cfg.Benchmarks", "benchmarks\Apq.Cfg.Benchmarks\Apq.Cfg.Benchmarks.csproj", "{5531B297-C91E-495E-A746-0DD15E3EDCCB}"
EndProject
Project("{FAE04EC0-301F-11D3-BF4B-00C04F79EFBC}") = "Apq.Cfg.Consul", "Apq.Cfg.Consul\Apq.Cfg.Consul.csproj", "{C9027D2F-4ADD-4D34-B8D9-E71B93A37F82}"
EndProject
Project("{FAE04EC0-301F-11D3-BF4B-00C04F79EFBC}") = "Apq.Cfg.Etcd", "Apq.Cfg.Etcd\Apq.Cfg.Etcd.csproj", "{52106D9D-CA57-4292-82C0-0B8CF2D3698C}"
EndProject
Project("{FAE04EC0-301F-11D3-BF4B-00C04F79EFBC}") = "Apq.Cfg.Nacos", "Apq.Cfg.Nacos\Apq.Cfg.Nacos.csproj", "{A1B2C3D4-E5F6-7890-ABCD-EF1234567890}"
EndProject
Project("{FAE04EC0-301F-11D3-BF4B-00C04F79EFBC}") = "Apq.Cfg.Apollo", "Apq.Cfg.Apollo\Apq.Cfg.Apollo.csproj", "{B2C3D4E5-F6A7-8901-BCDE-F12345678901}"
EndProject
Project("{FAE04EC0-301F-11D3-BF4B-00C04F79EFBC}") = "Apq.Cfg.Zookeeper", "Apq.Cfg.Zookeeper\Apq.Cfg.Zookeeper.csproj", "{1C5BB2C9-7EEA-468E-8D95-FCC6A0AF414E}"
EndProject
Project("{FAE04EC0-301F-11D3-BF4B-00C04F79EFBC}") = "Apq.Cfg.Vault", "Apq.Cfg.Vault\Apq.Cfg.Vault.csproj", "{2D6CC3DA-8F9B-4F5D-9A3C-7D8E9F0A1B2C}"
EndProject
Project("{2150E333-8FDC-42A3-9474-1A3956D46DE8}") = "解决方案项", "解决方案项", "{9FA3D6BD-1EC1-3BA5-80CB-CE02773A58D5}"
	ProjectSection(SolutionItems) = preProject
		Directory.Build.props = Directory.Build.props
	EndProjectSection
EndProject
Project("{FAE04EC0-301F-11D3-BF4B-00C04F79EFBC}") = "Apq.Cfg.Env", "Apq.Cfg.Env\Apq.Cfg.Env.csproj", "{795EC4F0-E355-44D9-9693-CD83EF7370F7}"
EndProject
Project("{FAE04EC0-301F-11D3-BF4B-00C04F79EFBC}") = "Apq.Cfg.Crypto", "Apq.Cfg.Crypto\Apq.Cfg.Crypto.csproj", "{3E4F5A6B-7C8D-9E0F-A1B2-C3D4E5F60718}"
EndProject
Project("{FAE04EC0-301F-11D3-BF4B-00C04F79EFBC}") = "Apq.Cfg.Crypto.DataProtection", "Apq.Cfg.Crypto.DataProtection\Apq.Cfg.Crypto.DataProtection.csproj", "{5A6B7C8D-9E0F-A1B2-C3D4-E5F60718293A}"
EndProject
Project("{FAE04EC0-301F-11D3-BF4B-00C04F79EFBC}") = "Apq.Cfg.Crypto.Tool", "Apq.Cfg.Crypto.Tool\Apq.Cfg.Crypto.Tool.csproj", "{6B7C8D9E-0FA1-B2C3-D4E5-F607182930AB}"
EndProject
Project("{FAE04EC0-301F-11D3-BF4B-00C04F79EFBC}") = "Apq.Cfg.Tests.Net10", "tests\Apq.Cfg.Tests.Net10\Apq.Cfg.Tests.Net10.csproj", "{F696FB60-8871-4D4E-BE21-F931D6C43D7B}"
EndProject
Global
	GlobalSection(SolutionConfigurationPlatforms) = preSolution
		Debug|Any CPU = Debug|Any CPU
		Debug|x64 = Debug|x64
		Debug|x86 = Debug|x86
		Release|Any CPU = Release|Any CPU
		Release|x64 = Release|x64
		Release|x86 = Release|x86
	EndGlobalSection
	GlobalSection(ProjectConfigurationPlatforms) = postSolution
		{34A7079A-DF46-084B-B68A-716598170454}.Debug|Any CPU.ActiveCfg = Debug|Any CPU
		{34A7079A-DF46-084B-B68A-716598170454}.Debug|Any CPU.Build.0 = Debug|Any CPU
		{34A7079A-DF46-084B-B68A-716598170454}.Debug|x64.ActiveCfg = Debug|Any CPU
		{34A7079A-DF46-084B-B68A-716598170454}.Debug|x64.Build.0 = Debug|Any CPU
		{34A7079A-DF46-084B-B68A-716598170454}.Debug|x86.ActiveCfg = Debug|Any CPU
		{34A7079A-DF46-084B-B68A-716598170454}.Debug|x86.Build.0 = Debug|Any CPU
		{34A7079A-DF46-084B-B68A-716598170454}.Release|Any CPU.ActiveCfg = Release|Any CPU
		{34A7079A-DF46-084B-B68A-716598170454}.Release|Any CPU.Build.0 = Release|Any CPU
		{34A7079A-DF46-084B-B68A-716598170454}.Release|x64.ActiveCfg = Release|Any CPU
		{34A7079A-DF46-084B-B68A-716598170454}.Release|x64.Build.0 = Release|Any CPU
		{34A7079A-DF46-084B-B68A-716598170454}.Release|x86.ActiveCfg = Release|Any CPU
		{34A7079A-DF46-084B-B68A-716598170454}.Release|x86.Build.0 = Release|Any CPU
		{27DCF801-2695-4A39-B17D-46C588228238}.Debug|Any CPU.ActiveCfg = Debug|Any CPU
		{27DCF801-2695-4A39-B17D-46C588228238}.Debug|Any CPU.Build.0 = Debug|Any CPU
		{27DCF801-2695-4A39-B17D-46C588228238}.Debug|x64.ActiveCfg = Debug|Any CPU
		{27DCF801-2695-4A39-B17D-46C588228238}.Debug|x64.Build.0 = Debug|Any CPU
		{27DCF801-2695-4A39-B17D-46C588228238}.Debug|x86.ActiveCfg = Debug|Any CPU
		{27DCF801-2695-4A39-B17D-46C588228238}.Debug|x86.Build.0 = Debug|Any CPU
		{27DCF801-2695-4A39-B17D-46C588228238}.Release|Any CPU.ActiveCfg = Release|Any CPU
		{27DCF801-2695-4A39-B17D-46C588228238}.Release|Any CPU.Build.0 = Release|Any CPU
		{27DCF801-2695-4A39-B17D-46C588228238}.Release|x64.ActiveCfg = Release|Any CPU
		{27DCF801-2695-4A39-B17D-46C588228238}.Release|x64.Build.0 = Release|Any CPU
		{27DCF801-2695-4A39-B17D-46C588228238}.Release|x86.ActiveCfg = Release|Any CPU
		{27DCF801-2695-4A39-B17D-46C588228238}.Release|x86.Build.0 = Release|Any CPU
		{70967017-8093-449E-AB49-F9036D59BC79}.Debug|Any CPU.ActiveCfg = Debug|Any CPU
		{70967017-8093-449E-AB49-F9036D59BC79}.Debug|Any CPU.Build.0 = Debug|Any CPU
		{70967017-8093-449E-AB49-F9036D59BC79}.Debug|x64.ActiveCfg = Debug|Any CPU
		{70967017-8093-449E-AB49-F9036D59BC79}.Debug|x64.Build.0 = Debug|Any CPU
		{70967017-8093-449E-AB49-F9036D59BC79}.Debug|x86.ActiveCfg = Debug|Any CPU
		{70967017-8093-449E-AB49-F9036D59BC79}.Debug|x86.Build.0 = Debug|Any CPU
		{70967017-8093-449E-AB49-F9036D59BC79}.Release|Any CPU.ActiveCfg = Release|Any CPU
		{70967017-8093-449E-AB49-F9036D59BC79}.Release|Any CPU.Build.0 = Release|Any CPU
		{70967017-8093-449E-AB49-F9036D59BC79}.Release|x64.ActiveCfg = Release|Any CPU
		{70967017-8093-449E-AB49-F9036D59BC79}.Release|x64.Build.0 = Release|Any CPU
		{70967017-8093-449E-AB49-F9036D59BC79}.Release|x86.ActiveCfg = Release|Any CPU
		{70967017-8093-449E-AB49-F9036D59BC79}.Release|x86.Build.0 = Release|Any CPU
		{97DB6031-E44F-41D9-B097-4DC426E46AC9}.Debug|Any CPU.ActiveCfg = Debug|Any CPU
		{97DB6031-E44F-41D9-B097-4DC426E46AC9}.Debug|Any CPU.Build.0 = Debug|Any CPU
		{97DB6031-E44F-41D9-B097-4DC426E46AC9}.Debug|x64.ActiveCfg = Debug|Any CPU
		{97DB6031-E44F-41D9-B097-4DC426E46AC9}.Debug|x64.Build.0 = Debug|Any CPU
		{97DB6031-E44F-41D9-B097-4DC426E46AC9}.Debug|x86.ActiveCfg = Debug|Any CPU
		{97DB6031-E44F-41D9-B097-4DC426E46AC9}.Debug|x86.Build.0 = Debug|Any CPU
		{97DB6031-E44F-41D9-B097-4DC426E46AC9}.Release|Any CPU.ActiveCfg = Release|Any CPU
		{97DB6031-E44F-41D9-B097-4DC426E46AC9}.Release|Any CPU.Build.0 = Release|Any CPU
		{97DB6031-E44F-41D9-B097-4DC426E46AC9}.Release|x64.ActiveCfg = Release|Any CPU
		{97DB6031-E44F-41D9-B097-4DC426E46AC9}.Release|x64.Build.0 = Release|Any CPU
		{97DB6031-E44F-41D9-B097-4DC426E46AC9}.Release|x86.ActiveCfg = Release|Any CPU
		{97DB6031-E44F-41D9-B097-4DC426E46AC9}.Release|x86.Build.0 = Release|Any CPU
		{E0993970-F005-4DA4-997F-A53768869E3B}.Debug|Any CPU.ActiveCfg = Debug|Any CPU
		{E0993970-F005-4DA4-997F-A53768869E3B}.Debug|Any CPU.Build.0 = Debug|Any CPU
		{E0993970-F005-4DA4-997F-A53768869E3B}.Debug|x64.ActiveCfg = Debug|Any CPU
		{E0993970-F005-4DA4-997F-A53768869E3B}.Debug|x64.Build.0 = Debug|Any CPU
		{E0993970-F005-4DA4-997F-A53768869E3B}.Debug|x86.ActiveCfg = Debug|Any CPU
		{E0993970-F005-4DA4-997F-A53768869E3B}.Debug|x86.Build.0 = Debug|Any CPU
		{E0993970-F005-4DA4-997F-A53768869E3B}.Release|Any CPU.ActiveCfg = Release|Any CPU
		{E0993970-F005-4DA4-997F-A53768869E3B}.Release|Any CPU.Build.0 = Release|Any CPU
		{E0993970-F005-4DA4-997F-A53768869E3B}.Release|x64.ActiveCfg = Release|Any CPU
		{E0993970-F005-4DA4-997F-A53768869E3B}.Release|x64.Build.0 = Release|Any CPU
		{E0993970-F005-4DA4-997F-A53768869E3B}.Release|x86.ActiveCfg = Release|Any CPU
		{E0993970-F005-4DA4-997F-A53768869E3B}.Release|x86.Build.0 = Release|Any CPU
		{A73D1178-3BD3-4D7F-8DCD-6A797ADFA351}.Debug|Any CPU.ActiveCfg = Debug|Any CPU
		{A73D1178-3BD3-4D7F-8DCD-6A797ADFA351}.Debug|Any CPU.Build.0 = Debug|Any CPU
		{A73D1178-3BD3-4D7F-8DCD-6A797ADFA351}.Debug|x64.ActiveCfg = Debug|Any CPU
		{A73D1178-3BD3-4D7F-8DCD-6A797ADFA351}.Debug|x64.Build.0 = Debug|Any CPU
		{A73D1178-3BD3-4D7F-8DCD-6A797ADFA351}.Debug|x86.ActiveCfg = Debug|Any CPU
		{A73D1178-3BD3-4D7F-8DCD-6A797ADFA351}.Debug|x86.Build.0 = Debug|Any CPU
		{A73D1178-3BD3-4D7F-8DCD-6A797ADFA351}.Release|Any CPU.ActiveCfg = Release|Any CPU
		{A73D1178-3BD3-4D7F-8DCD-6A797ADFA351}.Release|Any CPU.Build.0 = Release|Any CPU
		{A73D1178-3BD3-4D7F-8DCD-6A797ADFA351}.Release|x64.ActiveCfg = Release|Any CPU
		{A73D1178-3BD3-4D7F-8DCD-6A797ADFA351}.Release|x64.Build.0 = Release|Any CPU
		{A73D1178-3BD3-4D7F-8DCD-6A797ADFA351}.Release|x86.ActiveCfg = Release|Any CPU
		{A73D1178-3BD3-4D7F-8DCD-6A797ADFA351}.Release|x86.Build.0 = Release|Any CPU
		{CE15A415-FCF4-4FCA-971B-0E2163B87A4D}.Debug|Any CPU.ActiveCfg = Debug|Any CPU
		{CE15A415-FCF4-4FCA-971B-0E2163B87A4D}.Debug|Any CPU.Build.0 = Debug|Any CPU
		{CE15A415-FCF4-4FCA-971B-0E2163B87A4D}.Debug|x64.ActiveCfg = Debug|Any CPU
		{CE15A415-FCF4-4FCA-971B-0E2163B87A4D}.Debug|x64.Build.0 = Debug|Any CPU
		{CE15A415-FCF4-4FCA-971B-0E2163B87A4D}.Debug|x86.ActiveCfg = Debug|Any CPU
		{CE15A415-FCF4-4FCA-971B-0E2163B87A4D}.Debug|x86.Build.0 = Debug|Any CPU
		{CE15A415-FCF4-4FCA-971B-0E2163B87A4D}.Release|Any CPU.ActiveCfg = Release|Any CPU
		{CE15A415-FCF4-4FCA-971B-0E2163B87A4D}.Release|Any CPU.Build.0 = Release|Any CPU
		{CE15A415-FCF4-4FCA-971B-0E2163B87A4D}.Release|x64.ActiveCfg = Release|Any CPU
		{CE15A415-FCF4-4FCA-971B-0E2163B87A4D}.Release|x64.Build.0 = Release|Any CPU
		{CE15A415-FCF4-4FCA-971B-0E2163B87A4D}.Release|x86.ActiveCfg = Release|Any CPU
		{CE15A415-FCF4-4FCA-971B-0E2163B87A4D}.Release|x86.Build.0 = Release|Any CPU
		{D1234567-ABCD-1234-ABCD-123456789012}.Debug|Any CPU.ActiveCfg = Debug|Any CPU
		{D1234567-ABCD-1234-ABCD-123456789012}.Debug|Any CPU.Build.0 = Debug|Any CPU
		{D1234567-ABCD-1234-ABCD-123456789012}.Debug|x64.ActiveCfg = Debug|Any CPU
		{D1234567-ABCD-1234-ABCD-123456789012}.Debug|x64.Build.0 = Debug|Any CPU
		{D1234567-ABCD-1234-ABCD-123456789012}.Debug|x86.ActiveCfg = Debug|Any CPU
		{D1234567-ABCD-1234-ABCD-123456789012}.Debug|x86.Build.0 = Debug|Any CPU
		{D1234567-ABCD-1234-ABCD-123456789012}.Release|Any CPU.ActiveCfg = Release|Any CPU
		{D1234567-ABCD-1234-ABCD-123456789012}.Release|Any CPU.Build.0 = Release|Any CPU
		{D1234567-ABCD-1234-ABCD-123456789012}.Release|x64.ActiveCfg = Release|Any CPU
		{D1234567-ABCD-1234-ABCD-123456789012}.Release|x64.Build.0 = Release|Any CPU
		{D1234567-ABCD-1234-ABCD-123456789012}.Release|x86.ActiveCfg = Release|Any CPU
		{D1234567-ABCD-1234-ABCD-123456789012}.Release|x86.Build.0 = Release|Any CPU
		{5A67AD01-A4EE-43A4-A805-F5D94FA24D27}.Debug|Any CPU.ActiveCfg = Debug|Any CPU
		{5A67AD01-A4EE-43A4-A805-F5D94FA24D27}.Debug|Any CPU.Build.0 = Debug|Any CPU
		{5A67AD01-A4EE-43A4-A805-F5D94FA24D27}.Debug|x64.ActiveCfg = Debug|Any CPU
		{5A67AD01-A4EE-43A4-A805-F5D94FA24D27}.Debug|x64.Build.0 = Debug|Any CPU
		{5A67AD01-A4EE-43A4-A805-F5D94FA24D27}.Debug|x86.ActiveCfg = Debug|Any CPU
		{5A67AD01-A4EE-43A4-A805-F5D94FA24D27}.Debug|x86.Build.0 = Debug|Any CPU
		{5A67AD01-A4EE-43A4-A805-F5D94FA24D27}.Release|Any CPU.ActiveCfg = Release|Any CPU
		{5A67AD01-A4EE-43A4-A805-F5D94FA24D27}.Release|Any CPU.Build.0 = Release|Any CPU
		{5A67AD01-A4EE-43A4-A805-F5D94FA24D27}.Release|x64.ActiveCfg = Release|Any CPU
		{5A67AD01-A4EE-43A4-A805-F5D94FA24D27}.Release|x64.Build.0 = Release|Any CPU
		{5A67AD01-A4EE-43A4-A805-F5D94FA24D27}.Release|x86.ActiveCfg = Release|Any CPU
		{5A67AD01-A4EE-43A4-A805-F5D94FA24D27}.Release|x86.Build.0 = Release|Any CPU
		{8F32405A-C49D-42A4-9D6F-82DF92B96C52}.Debug|Any CPU.ActiveCfg = Debug|Any CPU
		{8F32405A-C49D-42A4-9D6F-82DF92B96C52}.Debug|Any CPU.Build.0 = Debug|Any CPU
		{8F32405A-C49D-42A4-9D6F-82DF92B96C52}.Debug|x64.ActiveCfg = Debug|Any CPU
		{8F32405A-C49D-42A4-9D6F-82DF92B96C52}.Debug|x64.Build.0 = Debug|Any CPU
		{8F32405A-C49D-42A4-9D6F-82DF92B96C52}.Debug|x86.ActiveCfg = Debug|Any CPU
		{8F32405A-C49D-42A4-9D6F-82DF92B96C52}.Debug|x86.Build.0 = Debug|Any CPU
		{8F32405A-C49D-42A4-9D6F-82DF92B96C52}.Release|Any CPU.ActiveCfg = Release|Any CPU
		{8F32405A-C49D-42A4-9D6F-82DF92B96C52}.Release|Any CPU.Build.0 = Release|Any CPU
		{8F32405A-C49D-42A4-9D6F-82DF92B96C52}.Release|x64.ActiveCfg = Release|Any CPU
		{8F32405A-C49D-42A4-9D6F-82DF92B96C52}.Release|x64.Build.0 = Release|Any CPU
		{8F32405A-C49D-42A4-9D6F-82DF92B96C52}.Release|x86.ActiveCfg = Release|Any CPU
		{8F32405A-C49D-42A4-9D6F-82DF92B96C52}.Release|x86.Build.0 = Release|Any CPU
		{C906A287-1781-40AB-98E9-0D515D70BFA7}.Debug|Any CPU.ActiveCfg = Debug|Any CPU
		{C906A287-1781-40AB-98E9-0D515D70BFA7}.Debug|Any CPU.Build.0 = Debug|Any CPU
		{C906A287-1781-40AB-98E9-0D515D70BFA7}.Debug|x64.ActiveCfg = Debug|Any CPU
		{C906A287-1781-40AB-98E9-0D515D70BFA7}.Debug|x64.Build.0 = Debug|Any CPU
		{C906A287-1781-40AB-98E9-0D515D70BFA7}.Debug|x86.ActiveCfg = Debug|Any CPU
		{C906A287-1781-40AB-98E9-0D515D70BFA7}.Debug|x86.Build.0 = Debug|Any CPU
		{C906A287-1781-40AB-98E9-0D515D70BFA7}.Release|Any CPU.ActiveCfg = Release|Any CPU
		{C906A287-1781-40AB-98E9-0D515D70BFA7}.Release|Any CPU.Build.0 = Release|Any CPU
		{C906A287-1781-40AB-98E9-0D515D70BFA7}.Release|x64.ActiveCfg = Release|Any CPU
		{C906A287-1781-40AB-98E9-0D515D70BFA7}.Release|x64.Build.0 = Release|Any CPU
		{C906A287-1781-40AB-98E9-0D515D70BFA7}.Release|x86.ActiveCfg = Release|Any CPU
		{C906A287-1781-40AB-98E9-0D515D70BFA7}.Release|x86.Build.0 = Release|Any CPU
		{A99F31E2-4C2A-4B6B-9055-65C112F1E20C}.Debug|Any CPU.ActiveCfg = Debug|Any CPU
		{A99F31E2-4C2A-4B6B-9055-65C112F1E20C}.Debug|Any CPU.Build.0 = Debug|Any CPU
		{A99F31E2-4C2A-4B6B-9055-65C112F1E20C}.Debug|x64.ActiveCfg = Debug|Any CPU
		{A99F31E2-4C2A-4B6B-9055-65C112F1E20C}.Debug|x64.Build.0 = Debug|Any CPU
		{A99F31E2-4C2A-4B6B-9055-65C112F1E20C}.Debug|x86.ActiveCfg = Debug|Any CPU
		{A99F31E2-4C2A-4B6B-9055-65C112F1E20C}.Debug|x86.Build.0 = Debug|Any CPU
		{A99F31E2-4C2A-4B6B-9055-65C112F1E20C}.Release|Any CPU.ActiveCfg = Release|Any CPU
		{A99F31E2-4C2A-4B6B-9055-65C112F1E20C}.Release|Any CPU.Build.0 = Release|Any CPU
		{A99F31E2-4C2A-4B6B-9055-65C112F1E20C}.Release|x64.ActiveCfg = Release|Any CPU
		{A99F31E2-4C2A-4B6B-9055-65C112F1E20C}.Release|x64.Build.0 = Release|Any CPU
		{A99F31E2-4C2A-4B6B-9055-65C112F1E20C}.Release|x86.ActiveCfg = Release|Any CPU
		{A99F31E2-4C2A-4B6B-9055-65C112F1E20C}.Release|x86.Build.0 = Release|Any CPU
		{5531B297-C91E-495E-A746-0DD15E3EDCCB}.Debug|Any CPU.ActiveCfg = Debug|Any CPU
		{5531B297-C91E-495E-A746-0DD15E3EDCCB}.Debug|Any CPU.Build.0 = Debug|Any CPU
		{5531B297-C91E-495E-A746-0DD15E3EDCCB}.Debug|x64.ActiveCfg = Debug|Any CPU
		{5531B297-C91E-495E-A746-0DD15E3EDCCB}.Debug|x64.Build.0 = Debug|Any CPU
		{5531B297-C91E-495E-A746-0DD15E3EDCCB}.Debug|x86.ActiveCfg = Debug|Any CPU
		{5531B297-C91E-495E-A746-0DD15E3EDCCB}.Debug|x86.Build.0 = Debug|Any CPU
		{5531B297-C91E-495E-A746-0DD15E3EDCCB}.Release|Any CPU.ActiveCfg = Release|Any CPU
		{5531B297-C91E-495E-A746-0DD15E3EDCCB}.Release|Any CPU.Build.0 = Release|Any CPU
		{5531B297-C91E-495E-A746-0DD15E3EDCCB}.Release|x64.ActiveCfg = Release|Any CPU
		{5531B297-C91E-495E-A746-0DD15E3EDCCB}.Release|x64.Build.0 = Release|Any CPU
		{5531B297-C91E-495E-A746-0DD15E3EDCCB}.Release|x86.ActiveCfg = Release|Any CPU
		{5531B297-C91E-495E-A746-0DD15E3EDCCB}.Release|x86.Build.0 = Release|Any CPU
		{C9027D2F-4ADD-4D34-B8D9-E71B93A37F82}.Debug|Any CPU.ActiveCfg = Debug|Any CPU
		{C9027D2F-4ADD-4D34-B8D9-E71B93A37F82}.Debug|Any CPU.Build.0 = Debug|Any CPU
		{C9027D2F-4ADD-4D34-B8D9-E71B93A37F82}.Debug|x64.ActiveCfg = Debug|Any CPU
		{C9027D2F-4ADD-4D34-B8D9-E71B93A37F82}.Debug|x64.Build.0 = Debug|Any CPU
		{C9027D2F-4ADD-4D34-B8D9-E71B93A37F82}.Debug|x86.ActiveCfg = Debug|Any CPU
		{C9027D2F-4ADD-4D34-B8D9-E71B93A37F82}.Debug|x86.Build.0 = Debug|Any CPU
		{C9027D2F-4ADD-4D34-B8D9-E71B93A37F82}.Release|Any CPU.ActiveCfg = Release|Any CPU
		{C9027D2F-4ADD-4D34-B8D9-E71B93A37F82}.Release|Any CPU.Build.0 = Release|Any CPU
		{C9027D2F-4ADD-4D34-B8D9-E71B93A37F82}.Release|x64.ActiveCfg = Release|Any CPU
		{C9027D2F-4ADD-4D34-B8D9-E71B93A37F82}.Release|x64.Build.0 = Release|Any CPU
		{C9027D2F-4ADD-4D34-B8D9-E71B93A37F82}.Release|x86.ActiveCfg = Release|Any CPU
		{C9027D2F-4ADD-4D34-B8D9-E71B93A37F82}.Release|x86.Build.0 = Release|Any CPU
		{52106D9D-CA57-4292-82C0-0B8CF2D3698C}.Debug|Any CPU.ActiveCfg = Debug|Any CPU
		{52106D9D-CA57-4292-82C0-0B8CF2D3698C}.Debug|Any CPU.Build.0 = Debug|Any CPU
		{52106D9D-CA57-4292-82C0-0B8CF2D3698C}.Debug|x64.ActiveCfg = Debug|Any CPU
		{52106D9D-CA57-4292-82C0-0B8CF2D3698C}.Debug|x64.Build.0 = Debug|Any CPU
		{52106D9D-CA57-4292-82C0-0B8CF2D3698C}.Debug|x86.ActiveCfg = Debug|Any CPU
		{52106D9D-CA57-4292-82C0-0B8CF2D3698C}.Debug|x86.Build.0 = Debug|Any CPU
		{52106D9D-CA57-4292-82C0-0B8CF2D3698C}.Release|Any CPU.ActiveCfg = Release|Any CPU
		{52106D9D-CA57-4292-82C0-0B8CF2D3698C}.Release|Any CPU.Build.0 = Release|Any CPU
		{52106D9D-CA57-4292-82C0-0B8CF2D3698C}.Release|x64.ActiveCfg = Release|Any CPU
		{52106D9D-CA57-4292-82C0-0B8CF2D3698C}.Release|x64.Build.0 = Release|Any CPU
		{52106D9D-CA57-4292-82C0-0B8CF2D3698C}.Release|x86.ActiveCfg = Release|Any CPU
		{52106D9D-CA57-4292-82C0-0B8CF2D3698C}.Release|x86.Build.0 = Release|Any CPU
		{A1B2C3D4-E5F6-7890-ABCD-EF1234567890}.Debug|Any CPU.ActiveCfg = Debug|Any CPU
		{A1B2C3D4-E5F6-7890-ABCD-EF1234567890}.Debug|Any CPU.Build.0 = Debug|Any CPU
		{A1B2C3D4-E5F6-7890-ABCD-EF1234567890}.Debug|x64.ActiveCfg = Debug|Any CPU
		{A1B2C3D4-E5F6-7890-ABCD-EF1234567890}.Debug|x64.Build.0 = Debug|Any CPU
		{A1B2C3D4-E5F6-7890-ABCD-EF1234567890}.Debug|x86.ActiveCfg = Debug|Any CPU
		{A1B2C3D4-E5F6-7890-ABCD-EF1234567890}.Debug|x86.Build.0 = Debug|Any CPU
		{A1B2C3D4-E5F6-7890-ABCD-EF1234567890}.Release|Any CPU.ActiveCfg = Release|Any CPU
		{A1B2C3D4-E5F6-7890-ABCD-EF1234567890}.Release|Any CPU.Build.0 = Release|Any CPU
		{A1B2C3D4-E5F6-7890-ABCD-EF1234567890}.Release|x64.ActiveCfg = Release|Any CPU
		{A1B2C3D4-E5F6-7890-ABCD-EF1234567890}.Release|x64.Build.0 = Release|Any CPU
		{A1B2C3D4-E5F6-7890-ABCD-EF1234567890}.Release|x86.ActiveCfg = Release|Any CPU
		{A1B2C3D4-E5F6-7890-ABCD-EF1234567890}.Release|x86.Build.0 = Release|Any CPU
		{B2C3D4E5-F6A7-8901-BCDE-F12345678901}.Debug|Any CPU.ActiveCfg = Debug|Any CPU
		{B2C3D4E5-F6A7-8901-BCDE-F12345678901}.Debug|Any CPU.Build.0 = Debug|Any CPU
		{B2C3D4E5-F6A7-8901-BCDE-F12345678901}.Debug|x64.ActiveCfg = Debug|Any CPU
		{B2C3D4E5-F6A7-8901-BCDE-F12345678901}.Debug|x64.Build.0 = Debug|Any CPU
		{B2C3D4E5-F6A7-8901-BCDE-F12345678901}.Debug|x86.ActiveCfg = Debug|Any CPU
		{B2C3D4E5-F6A7-8901-BCDE-F12345678901}.Debug|x86.Build.0 = Debug|Any CPU
		{B2C3D4E5-F6A7-8901-BCDE-F12345678901}.Release|Any CPU.ActiveCfg = Release|Any CPU
		{B2C3D4E5-F6A7-8901-BCDE-F12345678901}.Release|Any CPU.Build.0 = Release|Any CPU
		{B2C3D4E5-F6A7-8901-BCDE-F12345678901}.Release|x64.ActiveCfg = Release|Any CPU
		{B2C3D4E5-F6A7-8901-BCDE-F12345678901}.Release|x64.Build.0 = Release|Any CPU
		{B2C3D4E5-F6A7-8901-BCDE-F12345678901}.Release|x86.ActiveCfg = Release|Any CPU
		{B2C3D4E5-F6A7-8901-BCDE-F12345678901}.Release|x86.Build.0 = Release|Any CPU
		{1C5BB2C9-7EEA-468E-8D95-FCC6A0AF414E}.Debug|Any CPU.ActiveCfg = Debug|Any CPU
		{1C5BB2C9-7EEA-468E-8D95-FCC6A0AF414E}.Debug|Any CPU.Build.0 = Debug|Any CPU
		{1C5BB2C9-7EEA-468E-8D95-FCC6A0AF414E}.Debug|x64.ActiveCfg = Debug|Any CPU
		{1C5BB2C9-7EEA-468E-8D95-FCC6A0AF414E}.Debug|x64.Build.0 = Debug|Any CPU
		{1C5BB2C9-7EEA-468E-8D95-FCC6A0AF414E}.Debug|x86.ActiveCfg = Debug|Any CPU
		{1C5BB2C9-7EEA-468E-8D95-FCC6A0AF414E}.Debug|x86.Build.0 = Debug|Any CPU
		{1C5BB2C9-7EEA-468E-8D95-FCC6A0AF414E}.Release|Any CPU.ActiveCfg = Release|Any CPU
		{1C5BB2C9-7EEA-468E-8D95-FCC6A0AF414E}.Release|Any CPU.Build.0 = Release|Any CPU
		{1C5BB2C9-7EEA-468E-8D95-FCC6A0AF414E}.Release|x64.ActiveCfg = Release|Any CPU
		{1C5BB2C9-7EEA-468E-8D95-FCC6A0AF414E}.Release|x64.Build.0 = Release|Any CPU
		{1C5BB2C9-7EEA-468E-8D95-FCC6A0AF414E}.Release|x86.ActiveCfg = Release|Any CPU
		{1C5BB2C9-7EEA-468E-8D95-FCC6A0AF414E}.Release|x86.Build.0 = Release|Any CPU
		{2D6CC3DA-8F9B-4F5D-9A3C-7D8E9F0A1B2C}.Debug|Any CPU.ActiveCfg = Debug|Any CPU
		{2D6CC3DA-8F9B-4F5D-9A3C-7D8E9F0A1B2C}.Debug|Any CPU.Build.0 = Debug|Any CPU
		{2D6CC3DA-8F9B-4F5D-9A3C-7D8E9F0A1B2C}.Debug|x64.ActiveCfg = Debug|Any CPU
		{2D6CC3DA-8F9B-4F5D-9A3C-7D8E9F0A1B2C}.Debug|x64.Build.0 = Debug|Any CPU
		{2D6CC3DA-8F9B-4F5D-9A3C-7D8E9F0A1B2C}.Debug|x86.ActiveCfg = Debug|Any CPU
		{2D6CC3DA-8F9B-4F5D-9A3C-7D8E9F0A1B2C}.Debug|x86.Build.0 = Debug|Any CPU
		{2D6CC3DA-8F9B-4F5D-9A3C-7D8E9F0A1B2C}.Release|Any CPU.ActiveCfg = Release|Any CPU
		{2D6CC3DA-8F9B-4F5D-9A3C-7D8E9F0A1B2C}.Release|Any CPU.Build.0 = Release|Any CPU
		{2D6CC3DA-8F9B-4F5D-9A3C-7D8E9F0A1B2C}.Release|x64.ActiveCfg = Release|Any CPU
		{2D6CC3DA-8F9B-4F5D-9A3C-7D8E9F0A1B2C}.Release|x64.Build.0 = Release|Any CPU
		{2D6CC3DA-8F9B-4F5D-9A3C-7D8E9F0A1B2C}.Release|x86.ActiveCfg = Release|Any CPU
		{2D6CC3DA-8F9B-4F5D-9A3C-7D8E9F0A1B2C}.Release|x86.Build.0 = Release|Any CPU
		{795EC4F0-E355-44D9-9693-CD83EF7370F7}.Debug|Any CPU.ActiveCfg = Debug|Any CPU
		{795EC4F0-E355-44D9-9693-CD83EF7370F7}.Debug|Any CPU.Build.0 = Debug|Any CPU
		{795EC4F0-E355-44D9-9693-CD83EF7370F7}.Debug|x64.ActiveCfg = Debug|Any CPU
		{795EC4F0-E355-44D9-9693-CD83EF7370F7}.Debug|x64.Build.0 = Debug|Any CPU
		{795EC4F0-E355-44D9-9693-CD83EF7370F7}.Debug|x86.ActiveCfg = Debug|Any CPU
		{795EC4F0-E355-44D9-9693-CD83EF7370F7}.Debug|x86.Build.0 = Debug|Any CPU
		{795EC4F0-E355-44D9-9693-CD83EF7370F7}.Release|Any CPU.ActiveCfg = Release|Any CPU
		{795EC4F0-E355-44D9-9693-CD83EF7370F7}.Release|Any CPU.Build.0 = Release|Any CPU
		{795EC4F0-E355-44D9-9693-CD83EF7370F7}.Release|x64.ActiveCfg = Release|Any CPU
		{795EC4F0-E355-44D9-9693-CD83EF7370F7}.Release|x64.Build.0 = Release|Any CPU
		{795EC4F0-E355-44D9-9693-CD83EF7370F7}.Release|x86.ActiveCfg = Release|Any CPU
		{795EC4F0-E355-44D9-9693-CD83EF7370F7}.Release|x86.Build.0 = Release|Any CPU
		{3E4F5A6B-7C8D-9E0F-A1B2-C3D4E5F60718}.Debug|Any CPU.ActiveCfg = Debug|Any CPU
		{3E4F5A6B-7C8D-9E0F-A1B2-C3D4E5F60718}.Debug|Any CPU.Build.0 = Debug|Any CPU
		{3E4F5A6B-7C8D-9E0F-A1B2-C3D4E5F60718}.Debug|x64.ActiveCfg = Debug|Any CPU
		{3E4F5A6B-7C8D-9E0F-A1B2-C3D4E5F60718}.Debug|x64.Build.0 = Debug|Any CPU
		{3E4F5A6B-7C8D-9E0F-A1B2-C3D4E5F60718}.Debug|x86.ActiveCfg = Debug|Any CPU
		{3E4F5A6B-7C8D-9E0F-A1B2-C3D4E5F60718}.Debug|x86.Build.0 = Debug|Any CPU
		{3E4F5A6B-7C8D-9E0F-A1B2-C3D4E5F60718}.Release|Any CPU.ActiveCfg = Release|Any CPU
		{3E4F5A6B-7C8D-9E0F-A1B2-C3D4E5F60718}.Release|Any CPU.Build.0 = Release|Any CPU
		{3E4F5A6B-7C8D-9E0F-A1B2-C3D4E5F60718}.Release|x64.ActiveCfg = Release|Any CPU
		{3E4F5A6B-7C8D-9E0F-A1B2-C3D4E5F60718}.Release|x64.Build.0 = Release|Any CPU
		{3E4F5A6B-7C8D-9E0F-A1B2-C3D4E5F60718}.Release|x86.ActiveCfg = Release|Any CPU
		{3E4F5A6B-7C8D-9E0F-A1B2-C3D4E5F60718}.Release|x86.Build.0 = Release|Any CPU
		{5A6B7C8D-9E0F-A1B2-C3D4-E5F60718293A}.Debug|Any CPU.ActiveCfg = Debug|Any CPU
		{5A6B7C8D-9E0F-A1B2-C3D4-E5F60718293A}.Debug|Any CPU.Build.0 = Debug|Any CPU
		{5A6B7C8D-9E0F-A1B2-C3D4-E5F60718293A}.Debug|x64.ActiveCfg = Debug|Any CPU
		{5A6B7C8D-9E0F-A1B2-C3D4-E5F60718293A}.Debug|x64.Build.0 = Debug|Any CPU
		{5A6B7C8D-9E0F-A1B2-C3D4-E5F60718293A}.Debug|x86.ActiveCfg = Debug|Any CPU
		{5A6B7C8D-9E0F-A1B2-C3D4-E5F60718293A}.Debug|x86.Build.0 = Debug|Any CPU
		{5A6B7C8D-9E0F-A1B2-C3D4-E5F60718293A}.Release|Any CPU.ActiveCfg = Release|Any CPU
		{5A6B7C8D-9E0F-A1B2-C3D4-E5F60718293A}.Release|Any CPU.Build.0 = Release|Any CPU
		{5A6B7C8D-9E0F-A1B2-C3D4-E5F60718293A}.Release|x64.ActiveCfg = Release|Any CPU
		{5A6B7C8D-9E0F-A1B2-C3D4-E5F60718293A}.Release|x64.Build.0 = Release|Any CPU
		{5A6B7C8D-9E0F-A1B2-C3D4-E5F60718293A}.Release|x86.ActiveCfg = Release|Any CPU
		{5A6B7C8D-9E0F-A1B2-C3D4-E5F60718293A}.Release|x86.Build.0 = Release|Any CPU
		{6B7C8D9E-0FA1-B2C3-D4E5-F607182930AB}.Debug|Any CPU.ActiveCfg = Debug|Any CPU
		{6B7C8D9E-0FA1-B2C3-D4E5-F607182930AB}.Debug|Any CPU.Build.0 = Debug|Any CPU
		{6B7C8D9E-0FA1-B2C3-D4E5-F607182930AB}.Debug|x64.ActiveCfg = Debug|Any CPU
		{6B7C8D9E-0FA1-B2C3-D4E5-F607182930AB}.Debug|x64.Build.0 = Debug|Any CPU
		{6B7C8D9E-0FA1-B2C3-D4E5-F607182930AB}.Debug|x86.ActiveCfg = Debug|Any CPU
		{6B7C8D9E-0FA1-B2C3-D4E5-F607182930AB}.Debug|x86.Build.0 = Debug|Any CPU
		{6B7C8D9E-0FA1-B2C3-D4E5-F607182930AB}.Release|Any CPU.ActiveCfg = Release|Any CPU
		{6B7C8D9E-0FA1-B2C3-D4E5-F607182930AB}.Release|Any CPU.Build.0 = Release|Any CPU
		{6B7C8D9E-0FA1-B2C3-D4E5-F607182930AB}.Release|x64.ActiveCfg = Release|Any CPU
		{6B7C8D9E-0FA1-B2C3-D4E5-F607182930AB}.Release|x64.Build.0 = Release|Any CPU
		{6B7C8D9E-0FA1-B2C3-D4E5-F607182930AB}.Release|x86.ActiveCfg = Release|Any CPU
		{6B7C8D9E-0FA1-B2C3-D4E5-F607182930AB}.Release|x86.Build.0 = Release|Any CPU
		{F696FB60-8871-4D4E-BE21-F931D6C43D7B}.Debug|Any CPU.ActiveCfg = Debug|Any CPU
		{F696FB60-8871-4D4E-BE21-F931D6C43D7B}.Debug|Any CPU.Build.0 = Debug|Any CPU
		{F696FB60-8871-4D4E-BE21-F931D6C43D7B}.Debug|x64.ActiveCfg = Debug|Any CPU
		{F696FB60-8871-4D4E-BE21-F931D6C43D7B}.Debug|x64.Build.0 = Debug|Any CPU
		{F696FB60-8871-4D4E-BE21-F931D6C43D7B}.Debug|x86.ActiveCfg = Debug|Any CPU
		{F696FB60-8871-4D4E-BE21-F931D6C43D7B}.Debug|x86.Build.0 = Debug|Any CPU
		{F696FB60-8871-4D4E-BE21-F931D6C43D7B}.Release|Any CPU.ActiveCfg = Release|Any CPU
		{F696FB60-8871-4D4E-BE21-F931D6C43D7B}.Release|Any CPU.Build.0 = Release|Any CPU
		{F696FB60-8871-4D4E-BE21-F931D6C43D7B}.Release|x64.ActiveCfg = Release|Any CPU
		{F696FB60-8871-4D4E-BE21-F931D6C43D7B}.Release|x64.Build.0 = Release|Any CPU
		{F696FB60-8871-4D4E-BE21-F931D6C43D7B}.Release|x86.ActiveCfg = Release|Any CPU
		{F696FB60-8871-4D4E-BE21-F931D6C43D7B}.Release|x86.Build.0 = Release|Any CPU
	EndGlobalSection
	GlobalSection(SolutionProperties) = preSolution
		HideSolutionNode = FALSE
	EndGlobalSection
	GlobalSection(NestedProjects) = preSolution
		{5A67AD01-A4EE-43A4-A805-F5D94FA24D27} = {E1234567-1234-1234-1234-123456789ABC}
		{8F32405A-C49D-42A4-9D6F-82DF92B96C52} = {E1234567-1234-1234-1234-123456789ABC}
		{C906A287-1781-40AB-98E9-0D515D70BFA7} = {E1234567-1234-1234-1234-123456789ABC}
		{A99F31E2-4C2A-4B6B-9055-65C112F1E20C} = {5D20AA90-6969-D8BD-9DCD-8634F4692FDA}
		{5531B297-C91E-495E-A746-0DD15E3EDCCB} = {B1234567-1234-1234-1234-123456789DEF}
		{F696FB60-8871-4D4E-BE21-F931D6C43D7B} = {E1234567-1234-1234-1234-123456789ABC}
	EndGlobalSection
	GlobalSection(ExtensibilityGlobals) = postSolution
		SolutionGuid = {42FA23E1-2218-4B92-B62D-714161EC71A6}
	EndGlobalSection
EndGlobal
