
Microsoft Visual Studio Solution File, Format Version 12.00
# Visual Studio Version 17
VisualStudioVersion = 17.14.36804.6
MinimumVisualStudioVersion = 10.0.40219.1
Project("{FAE04EC0-301F-11D3-BF4B-00C04F79EFBC}") = "Apq.Cfg.WebUI", "Apq.Cfg.WebUI.csproj", "{2C8303B7-9D24-44DA-84B2-F19151BFACD0}"
EndProject
Global
	GlobalSection(SolutionConfigurationPlatforms) = preSolution
		Debug|Any CPU = Debug|Any CPU
		Release|Any CPU = Release|Any CPU
	EndGlobalSection
	GlobalSection(ProjectConfigurationPlatforms) = postSolution
		{2C8303B7-9D24-44DA-84B2-F19151BFACD0}.Debug|Any CPU.ActiveCfg = Debug|Any CPU
		{2C8303B7-9D24-44DA-84B2-F19151BFACD0}.Debug|Any CPU.Build.0 = Debug|Any CPU
		{2C8303B7-9D24-44DA-84B2-F19151BFACD0}.Release|Any CPU.ActiveCfg = Release|Any CPU
		{2C8303B7-9D24-44DA-84B2-F19151BFACD0}.Release|Any CPU.Build.0 = Release|Any CPU
	EndGlobalSection
	GlobalSection(SolutionProperties) = preSolution
		HideSolutionNode = FALSE
	EndGlobalSection
	GlobalSection(ExtensibilityGlobals) = postSolution
		SolutionGuid = {A1B2C3D4-5678-90AB-CDEF-1234567890AB}
	EndGlobalSection
EndGlobal
